
Microsoft Visual Studio Solution File, Format Version 12.00
# Visual Studio Version 17
VisualStudioVersion = 17.9.34714.143
MinimumVisualStudioVersion = 10.0.40219.1
Project("{9A19103F-16F7-4668-BE54-9A1E7A4F7556}") = "Aplikasi", "Aplikasi\Aplikasi.csproj", "{51C55E82-1AD0-4236-8261-72B569C766BC}"
EndProject
Project("{9A19103F-16F7-4668-BE54-9A1E7A4F7556}") = "Contracts", "Contracts\Contracts.csproj", "{AEE25F88-8FD0-4B5B-A988-F9E91A53BE36}"
EndProject
Project("{9A19103F-16F7-4668-BE54-9A1E7A4F7556}") = "LoggerService", "LoggerService\LoggerService.csproj", "{2065EB5D-83E3-47A2-9901-829118307DCB}"
EndProject
Project("{FAE04EC0-301F-11D3-BF4B-00C04F79EFBC}") = "Model", "Model\Model.csproj", "{83EA1C62-C2D4-4E48-9922-E168E92C83B2}"
EndProject
Project("{FAE04EC0-301F-11D3-BF4B-00C04F79EFBC}") = "ViewModel", "ViewModel\ViewModel.csproj", "{38F811C9-A67E-4D64-98D0-D0D331B5E948}"
EndProject
Global
	GlobalSection(SolutionConfigurationPlatforms) = preSolution
		Debug|Any CPU = Debug|Any CPU
		Release|Any CPU = Release|Any CPU
	EndGlobalSection
	GlobalSection(ProjectConfigurationPlatforms) = postSolution
		{51C55E82-1AD0-4236-8261-72B569C766BC}.Debug|Any CPU.ActiveCfg = Debug|Any CPU
		{51C55E82-1AD0-4236-8261-72B569C766BC}.Debug|Any CPU.Build.0 = Debug|Any CPU
		{51C55E82-1AD0-4236-8261-72B569C766BC}.Release|Any CPU.ActiveCfg = Release|Any CPU
		{51C55E82-1AD0-4236-8261-72B569C766BC}.Release|Any CPU.Build.0 = Release|Any CPU
		{AEE25F88-8FD0-4B5B-A988-F9E91A53BE36}.Debug|Any CPU.ActiveCfg = Debug|Any CPU
		{AEE25F88-8FD0-4B5B-A988-F9E91A53BE36}.Debug|Any CPU.Build.0 = Debug|Any CPU
		{AEE25F88-8FD0-4B5B-A988-F9E91A53BE36}.Release|Any CPU.ActiveCfg = Release|Any CPU
		{AEE25F88-8FD0-4B5B-A988-F9E91A53BE36}.Release|Any CPU.Build.0 = Release|Any CPU
		{2065EB5D-83E3-47A2-9901-829118307DCB}.Debug|Any CPU.ActiveCfg = Debug|Any CPU
		{2065EB5D-83E3-47A2-9901-829118307DCB}.Debug|Any CPU.Build.0 = Debug|Any CPU
		{2065EB5D-83E3-47A2-9901-829118307DCB}.Release|Any CPU.ActiveCfg = Release|Any CPU
		{2065EB5D-83E3-47A2-9901-829118307DCB}.Release|Any CPU.Build.0 = Release|Any CPU
		{83EA1C62-C2D4-4E48-9922-E168E92C83B2}.Debug|Any CPU.ActiveCfg = Debug|Any CPU
		{83EA1C62-C2D4-4E48-9922-E168E92C83B2}.Debug|Any CPU.Build.0 = Debug|Any CPU
		{83EA1C62-C2D4-4E48-9922-E168E92C83B2}.Release|Any CPU.ActiveCfg = Release|Any CPU
		{83EA1C62-C2D4-4E48-9922-E168E92C83B2}.Release|Any CPU.Build.0 = Release|Any CPU
		{38F811C9-A67E-4D64-98D0-D0D331B5E948}.Debug|Any CPU.ActiveCfg = Debug|Any CPU
		{38F811C9-A67E-4D64-98D0-D0D331B5E948}.Debug|Any CPU.Build.0 = Debug|Any CPU
		{38F811C9-A67E-4D64-98D0-D0D331B5E948}.Release|Any CPU.ActiveCfg = Release|Any CPU
		{38F811C9-A67E-4D64-98D0-D0D331B5E948}.Release|Any CPU.Build.0 = Release|Any CPU
	EndGlobalSection
	GlobalSection(SolutionProperties) = preSolution
		HideSolutionNode = FALSE
	EndGlobalSection
	GlobalSection(ExtensibilityGlobals) = postSolution
		SolutionGuid = {84CC9FCE-7070-4D35-AE82-C35134F21475}
	EndGlobalSection
EndGlobal
